
Microsoft Visual Studio Solution File, Format Version 12.00
# Visual Studio Version 16
VisualStudioVersion = 16.0.810.21
MinimumVisualStudioVersion = 10.0.40219.1
Project("{FAE04EC0-301F-11D3-BF4B-00C04F79EFBC}") = "Swapi", "Swapi.csproj", "{3123AFEF-1C88-4D2F-9207-BE03D931A5D1}"
EndProject
Global
	GlobalSection(SolutionConfigurationPlatforms) = preSolution
		Debug|Any CPU = Debug|Any CPU
		Release|Any CPU = Release|Any CPU
	EndGlobalSection
	GlobalSection(ProjectConfigurationPlatforms) = postSolution
		{3123AFEF-1C88-4D2F-9207-BE03D931A5D1}.Debug|Any CPU.ActiveCfg = Debug|Any CPU
		{3123AFEF-1C88-4D2F-9207-BE03D931A5D1}.Debug|Any CPU.Build.0 = Debug|Any CPU
		{3123AFEF-1C88-4D2F-9207-BE03D931A5D1}.Release|Any CPU.ActiveCfg = Release|Any CPU
		{3123AFEF-1C88-4D2F-9207-BE03D931A5D1}.Release|Any CPU.Build.0 = Release|Any CPU
	EndGlobalSection
	GlobalSection(SolutionProperties) = preSolution
		HideSolutionNode = FALSE
	EndGlobalSection
	GlobalSection(ExtensibilityGlobals) = postSolution
		SolutionGuid = {4460DD91-DEA3-47D6-AC0F-E46EAA215CE5}
	EndGlobalSection
EndGlobal
